Microsoft Visual Studio Solution File, Format Version 11.00
# Visual Studio 2010
Project("{F184B08F-C81C-45F6-A57F-5ABD9991F28F}") = "PopupImageEdit-MenuCustomization", "PopupImageEdit-MenuCustomization\PopupImageEdit-MenuCustomization.vbproj", "{D0FDF637-8453-4D74-B07C-C4C95CEA896F}"
EndProject
Global
	GlobalSection(SolutionConfigurationPlatforms) = preSolution
		Debug|Any CPU = Debug|Any CPU
		Release|Any CPU = Release|Any CPU
	EndGlobalSection
	GlobalSection(ProjectConfigurationPlatforms) = postSolution
		{D0FDF637-8453-4D74-B07C-C4C95CEA896F}.Debug|Any CPU.ActiveCfg = Debug|Any CPU
		{D0FDF637-8453-4D74-B07C-C4C95CEA896F}.Debug|Any CPU.Build.0 = Debug|Any CPU
		{D0FDF637-8453-4D74-B07C-C4C95CEA896F}.Release|Any CPU.ActiveCfg = Release|Any CPU
		{D0FDF637-8453-4D74-B07C-C4C95CEA896F}.Release|Any CPU.Build.0 = Release|Any CPU
	EndGlobalSection
	GlobalSection(SolutionProperties) = preSolution
		HideSolutionNode = FALSE
	EndGlobalSection
EndGlobal
